
Microsoft Visual Studio Solution File, Format Version 12.00
# Visual Studio 2012
Project("{FAE04EC0-301F-11D3-BF4B-00C04F79EFBC}") = "PokerOdds", "PokerOdds.csproj", "{ABDA1290-7236-4882-9D1F-53043A1A0A75}"
EndProject
Project("{FAE04EC0-301F-11D3-BF4B-00C04F79EFBC}") = "PokerOdds.Tests", "..\PokerOdds.Tests\PokerOdds.Tests.csproj", "{7FBAF0E1-9BE4-44C0-A3D8-1283413B1556}"
EndProject
Project("{FAE04EC0-301F-11D3-BF4B-00C04F79EFBC}") = "Gabi", "Gabi\Gabi.csproj", "{7DE8E337-86E5-43E3-B513-5BBF6CA3AB09}"
EndProject
Global
	GlobalSection(SolutionConfigurationPlatforms) = preSolution
		Debug|Any CPU = Debug|Any CPU
		Release|Any CPU = Release|Any CPU
	EndGlobalSection
	GlobalSection(ProjectConfigurationPlatforms) = postSolution
		{ABDA1290-7236-4882-9D1F-53043A1A0A75}.Debug|Any CPU.ActiveCfg = Debug|Any CPU
		{ABDA1290-7236-4882-9D1F-53043A1A0A75}.Debug|Any CPU.Build.0 = Debug|Any CPU
		{ABDA1290-7236-4882-9D1F-53043A1A0A75}.Release|Any CPU.ActiveCfg = Release|Any CPU
		{ABDA1290-7236-4882-9D1F-53043A1A0A75}.Release|Any CPU.Build.0 = Release|Any CPU
		{7FBAF0E1-9BE4-44C0-A3D8-1283413B1556}.Debug|Any CPU.ActiveCfg = Debug|Any CPU
		{7FBAF0E1-9BE4-44C0-A3D8-1283413B1556}.Debug|Any CPU.Build.0 = Debug|Any CPU
		{7FBAF0E1-9BE4-44C0-A3D8-1283413B1556}.Release|Any CPU.ActiveCfg = Release|Any CPU
		{7FBAF0E1-9BE4-44C0-A3D8-1283413B1556}.Release|Any CPU.Build.0 = Release|Any CPU
		{7DE8E337-86E5-43E3-B513-5BBF6CA3AB09}.Debug|Any CPU.ActiveCfg = Debug|Any CPU
		{7DE8E337-86E5-43E3-B513-5BBF6CA3AB09}.Debug|Any CPU.Build.0 = Debug|Any CPU
		{7DE8E337-86E5-43E3-B513-5BBF6CA3AB09}.Release|Any CPU.ActiveCfg = Release|Any CPU
		{7DE8E337-86E5-43E3-B513-5BBF6CA3AB09}.Release|Any CPU.Build.0 = Release|Any CPU
	EndGlobalSection
	GlobalSection(SolutionProperties) = preSolution
		HideSolutionNode = FALSE
	EndGlobalSection
EndGlobal
